
Microsoft Visual Studio Solution File, Format Version 12.00
# Visual Studio Version 17
VisualStudioVersion = 17.3.32922.545
MinimumVisualStudioVersion = 10.0.40219.1
Project("{2150E333-8FDC-42A3-9474-1A3956D46DE8}") = "Services", "Services", "{C0D711C5-7B59-4E23-8767-1C5000397BE3}"
EndProject
Project("{2150E333-8FDC-42A3-9474-1A3956D46DE8}") = "Catalog", "Catalog", "{AFCCBB7A-7823-487D-9080-DF430C08E865}"
EndProject
Project("{9A19103F-16F7-4668-BE54-9A1E7A4F7556}") = "UpSchoolECommerce.Services.Catalog", "Services\Catalog\UpSchoolECommerce.Services.Catalog\UpSchoolECommerce.Services.Catalog.csproj", "{A1243A94-9C27-438A-BED8-2B0471662094}"
EndProject
Project("{2150E333-8FDC-42A3-9474-1A3956D46DE8}") = "Solution Items", "Solution Items", "{7332D2F8-AA92-47FD-8D5F-BF9579A715AA}"
	ProjectSection(SolutionItems) = preProject
		Port.txt = Port.txt
		ToDoList.txt = ToDoList.txt
	EndProjectSection
EndProject
Project("{2150E333-8FDC-42A3-9474-1A3956D46DE8}") = "Shared", "Shared", "{9DA5B5A0-8164-4331-95CE-A42277B4E880}"
EndProject
Project("{9A19103F-16F7-4668-BE54-9A1E7A4F7556}") = "UpSchoolECommerce.Shared", "Shared\UpSchoolECommerce.Shared\UpSchoolECommerce.Shared.csproj", "{12E9DCEA-D30E-4D24-B6D3-E4AF3E4AD961}"
EndProject
Project("{2150E333-8FDC-42A3-9474-1A3956D46DE8}") = "IdentityServer", "IdentityServer", "{8ECD065A-10A1-4D1B-B938-21A03F22A542}"
EndProject
Project("{9A19103F-16F7-4668-BE54-9A1E7A4F7556}") = "UpSchoolECommerce.IdentityServer", "IdentityServer\UpSchoolECommerce.IdentityServer\UpSchoolECommerce.IdentityServer.csproj", "{E65322B2-8903-4254-BC6A-E39DF50B7914}"
EndProject
Project("{2150E333-8FDC-42A3-9474-1A3956D46DE8}") = "Basket", "Basket", "{88538DDD-D98D-4BD0-9250-56992AF6DEB8}"
EndProject
Project("{9A19103F-16F7-4668-BE54-9A1E7A4F7556}") = "UpSchoolECommerce.Services.Basket", "Services\Basket\UpSchoolECommerce.Services.Basket\UpSchoolECommerce.Services.Basket.csproj", "{FACB7B50-0801-456C-BCEC-AA2C1CBF052D}"
EndProject
Project("{2150E333-8FDC-42A3-9474-1A3956D46DE8}") = "Discount", "Discount", "{920D114D-6F9E-4697-B756-99F521FBECD4}"
EndProject
Project("{9A19103F-16F7-4668-BE54-9A1E7A4F7556}") = "UpSchoolECommerce.Services.Discount", "Services\Discount\UpSchoolECommerce.Services.Discount\UpSchoolECommerce.Services.Discount.csproj", "{10450AEE-79D6-47E8-9083-DE95311F6C8E}"
EndProject
Project("{2150E333-8FDC-42A3-9474-1A3956D46DE8}") = "FakePayment", "FakePayment", "{0955297E-821E-4F8C-A520-382392786D21}"
EndProject
Project("{9A19103F-16F7-4668-BE54-9A1E7A4F7556}") = "UpSchoolECommerce.Services.FakePayment", "Services\FakePayment\UpSchoolECommerce.Services.FakePayment\UpSchoolECommerce.Services.FakePayment.csproj", "{DA211327-2433-4315-AC7C-C7007F112F43}"
EndProject
Project("{2150E333-8FDC-42A3-9474-1A3956D46DE8}") = "Order", "Order", "{BF2F0DB3-055F-426A-9FC7-BD8BEEEC2DB5}"
EndProject
Project("{9A19103F-16F7-4668-BE54-9A1E7A4F7556}") = "UpSchoolECommerce.Services.Order.Api", "Services\Order\UpSchoolECommerce.Services.Order.Api\UpSchoolECommerce.Services.Order.Api.csproj", "{75556124-B406-4B99-A5AB-5ADDBD8868A4}"
EndProject
Project("{9A19103F-16F7-4668-BE54-9A1E7A4F7556}") = "UpSchoolECommerce.Order.Application", "Services\Order\UpSchoolECommerce.Order.Application\UpSchoolECommerce.Order.Application.csproj", "{26180B17-2427-4873-A599-36BAFE3B5CE9}"
EndProject
Project("{9A19103F-16F7-4668-BE54-9A1E7A4F7556}") = "UpSchoolECommerce.Order.Domain", "Services\Order\UpSchoolECommerce.Order.Domain\UpSchoolECommerce.Order.Domain.csproj", "{F22744C4-EFBA-4A5A-B32F-FC4B9B7DDC29}"
EndProject
Project("{9A19103F-16F7-4668-BE54-9A1E7A4F7556}") = "UpSchoolECommerce.Order.Domain.Core", "Services\Order\UpSchoolECommerce.Order.Domain.Core\UpSchoolECommerce.Order.Domain.Core.csproj", "{3753CA98-A346-4D1F-9CFD-7C2D532FE8BE}"
EndProject
Project("{9A19103F-16F7-4668-BE54-9A1E7A4F7556}") = "UpSchoolECommerce.Order.Infrastructure", "Services\Order\UpSchoolECommerce.Order.Infrastructure\UpSchoolECommerce.Order.Infrastructure.csproj", "{C341FCA8-567B-491C-BADC-C106BD70EA2C}"
EndProject
Project("{2150E333-8FDC-42A3-9474-1A3956D46DE8}") = "PhotoStock", "PhotoStock", "{DFE14C04-3F3D-471F-A98F-F27C78EA4AAD}"
EndProject
Project("{9A19103F-16F7-4668-BE54-9A1E7A4F7556}") = "UpSchoolECommerce.Services.PhotoStock", "Services\PhotoStock\UpSchoolECommerce.Services.PhotoStock\UpSchoolECommerce.Services.PhotoStock.csproj", "{18854D0C-E714-4F12-9D50-E283C1091541}"
EndProject
Project("{2150E333-8FDC-42A3-9474-1A3956D46DE8}") = "Gateways", "Gateways", "{1299338D-B373-4B1D-B5ED-C7EA9505997D}"
EndProject
Project("{9A19103F-16F7-4668-BE54-9A1E7A4F7556}") = "UpSchoolECommerce.Gateways", "Gateways\UpSchoolECommerce.Gateways\UpSchoolECommerce.Gateways.csproj", "{FBB38724-54EB-470B-9EE9-48D51D8D4FA7}"
EndProject
Project("{2150E333-8FDC-42A3-9474-1A3956D46DE8}") = "Frontend", "Frontend", "{D391F725-45D2-4D9E-AA0F-998C248EC5F2}"
EndProject
Project("{FAE04EC0-301F-11D3-BF4B-00C04F79EFBC}") = "UpSchoolECommerce.Web", "Frontend\UpSchoolECommerce.Web\UpSchoolECommerce.Web.csproj", "{62159A3C-2F65-45A6-B0A4-B8A2D0E02EFC}"
EndProject
Global
	GlobalSection(SolutionConfigurationPlatforms) = preSolution
		Debug|Any CPU = Debug|Any CPU
		Release|Any CPU = Release|Any CPU
	EndGlobalSection
	GlobalSection(ProjectConfigurationPlatforms) = postSolution
		{A1243A94-9C27-438A-BED8-2B0471662094}.Debug|Any CPU.ActiveCfg = Debug|Any CPU
		{A1243A94-9C27-438A-BED8-2B0471662094}.Debug|Any CPU.Build.0 = Debug|Any CPU
		{A1243A94-9C27-438A-BED8-2B0471662094}.Release|Any CPU.ActiveCfg = Release|Any CPU
		{A1243A94-9C27-438A-BED8-2B0471662094}.Release|Any CPU.Build.0 = Release|Any CPU
		{12E9DCEA-D30E-4D24-B6D3-E4AF3E4AD961}.Debug|Any CPU.ActiveCfg = Debug|Any CPU
		{12E9DCEA-D30E-4D24-B6D3-E4AF3E4AD961}.Debug|Any CPU.Build.0 = Debug|Any CPU
		{12E9DCEA-D30E-4D24-B6D3-E4AF3E4AD961}.Release|Any CPU.ActiveCfg = Release|Any CPU
		{12E9DCEA-D30E-4D24-B6D3-E4AF3E4AD961}.Release|Any CPU.Build.0 = Release|Any CPU
		{E65322B2-8903-4254-BC6A-E39DF50B7914}.Debug|Any CPU.ActiveCfg = Debug|Any CPU
		{E65322B2-8903-4254-BC6A-E39DF50B7914}.Debug|Any CPU.Build.0 = Debug|Any CPU
		{E65322B2-8903-4254-BC6A-E39DF50B7914}.Release|Any CPU.ActiveCfg = Release|Any CPU
		{E65322B2-8903-4254-BC6A-E39DF50B7914}.Release|Any CPU.Build.0 = Release|Any CPU
		{FACB7B50-0801-456C-BCEC-AA2C1CBF052D}.Debug|Any CPU.ActiveCfg = Debug|Any CPU
		{FACB7B50-0801-456C-BCEC-AA2C1CBF052D}.Debug|Any CPU.Build.0 = Debug|Any CPU
		{FACB7B50-0801-456C-BCEC-AA2C1CBF052D}.Release|Any CPU.ActiveCfg = Release|Any CPU
		{FACB7B50-0801-456C-BCEC-AA2C1CBF052D}.Release|Any CPU.Build.0 = Release|Any CPU
		{10450AEE-79D6-47E8-9083-DE95311F6C8E}.Debug|Any CPU.ActiveCfg = Debug|Any CPU
		{10450AEE-79D6-47E8-9083-DE95311F6C8E}.Debug|Any CPU.Build.0 = Debug|Any CPU
		{10450AEE-79D6-47E8-9083-DE95311F6C8E}.Release|Any CPU.ActiveCfg = Release|Any CPU
		{10450AEE-79D6-47E8-9083-DE95311F6C8E}.Release|Any CPU.Build.0 = Release|Any CPU
		{DA211327-2433-4315-AC7C-C7007F112F43}.Debug|Any CPU.ActiveCfg = Debug|Any CPU
		{DA211327-2433-4315-AC7C-C7007F112F43}.Debug|Any CPU.Build.0 = Debug|Any CPU
		{DA211327-2433-4315-AC7C-C7007F112F43}.Release|Any CPU.ActiveCfg = Release|Any CPU
		{DA211327-2433-4315-AC7C-C7007F112F43}.Release|Any CPU.Build.0 = Release|Any CPU
		{75556124-B406-4B99-A5AB-5ADDBD8868A4}.Debug|Any CPU.ActiveCfg = Debug|Any CPU
		{75556124-B406-4B99-A5AB-5ADDBD8868A4}.Debug|Any CPU.Build.0 = Debug|Any CPU
		{75556124-B406-4B99-A5AB-5ADDBD8868A4}.Release|Any CPU.ActiveCfg = Release|Any CPU
		{75556124-B406-4B99-A5AB-5ADDBD8868A4}.Release|Any CPU.Build.0 = Release|Any CPU
		{26180B17-2427-4873-A599-36BAFE3B5CE9}.Debug|Any CPU.ActiveCfg = Debug|Any CPU
		{26180B17-2427-4873-A599-36BAFE3B5CE9}.Debug|Any CPU.Build.0 = Debug|Any CPU
		{26180B17-2427-4873-A599-36BAFE3B5CE9}.Release|Any CPU.ActiveCfg = Release|Any CPU
		{26180B17-2427-4873-A599-36BAFE3B5CE9}.Release|Any CPU.Build.0 = Release|Any CPU
		{F22744C4-EFBA-4A5A-B32F-FC4B9B7DDC29}.Debug|Any CPU.ActiveCfg = Debug|Any CPU
		{F22744C4-EFBA-4A5A-B32F-FC4B9B7DDC29}.Debug|Any CPU.Build.0 = Debug|Any CPU
		{F22744C4-EFBA-4A5A-B32F-FC4B9B7DDC29}.Release|Any CPU.ActiveCfg = Release|Any CPU
		{F22744C4-EFBA-4A5A-B32F-FC4B9B7DDC29}.Release|Any CPU.Build.0 = Release|Any CPU
		{3753CA98-A346-4D1F-9CFD-7C2D532FE8BE}.Debug|Any CPU.ActiveCfg = Debug|Any CPU
		{3753CA98-A346-4D1F-9CFD-7C2D532FE8BE}.Debug|Any CPU.Build.0 = Debug|Any CPU
		{3753CA98-A346-4D1F-9CFD-7C2D532FE8BE}.Release|Any CPU.ActiveCfg = Release|Any CPU
		{3753CA98-A346-4D1F-9CFD-7C2D532FE8BE}.Release|Any CPU.Build.0 = Release|Any CPU
		{C341FCA8-567B-491C-BADC-C106BD70EA2C}.Debug|Any CPU.ActiveCfg = Debug|Any CPU
		{C341FCA8-567B-491C-BADC-C106BD70EA2C}.Debug|Any CPU.Build.0 = Debug|Any CPU
		{C341FCA8-567B-491C-BADC-C106BD70EA2C}.Release|Any CPU.ActiveCfg = Release|Any CPU
		{C341FCA8-567B-491C-BADC-C106BD70EA2C}.Release|Any CPU.Build.0 = Release|Any CPU
		{18854D0C-E714-4F12-9D50-E283C1091541}.Debug|Any CPU.ActiveCfg = Debug|Any CPU
		{18854D0C-E714-4F12-9D50-E283C1091541}.Debug|Any CPU.Build.0 = Debug|Any CPU
		{18854D0C-E714-4F12-9D50-E283C1091541}.Release|Any CPU.ActiveCfg = Release|Any CPU
		{18854D0C-E714-4F12-9D50-E283C1091541}.Release|Any CPU.Build.0 = Release|Any CPU
		{FBB38724-54EB-470B-9EE9-48D51D8D4FA7}.Debug|Any CPU.ActiveCfg = Debug|Any CPU
		{FBB38724-54EB-470B-9EE9-48D51D8D4FA7}.Debug|Any CPU.Build.0 = Debug|Any CPU
		{FBB38724-54EB-470B-9EE9-48D51D8D4FA7}.Release|Any CPU.ActiveCfg = Release|Any CPU
		{FBB38724-54EB-470B-9EE9-48D51D8D4FA7}.Release|Any CPU.Build.0 = Release|Any CPU
		{62159A3C-2F65-45A6-B0A4-B8A2D0E02EFC}.Debug|Any CPU.ActiveCfg = Debug|Any CPU
		{62159A3C-2F65-45A6-B0A4-B8A2D0E02EFC}.Debug|Any CPU.Build.0 = Debug|Any CPU
		{62159A3C-2F65-45A6-B0A4-B8A2D0E02EFC}.Release|Any CPU.ActiveCfg = Release|Any CPU
		{62159A3C-2F65-45A6-B0A4-B8A2D0E02EFC}.Release|Any CPU.Build.0 = Release|Any CPU
	EndGlobalSection
	GlobalSection(SolutionProperties) = preSolution
		HideSolutionNode = FALSE
	EndGlobalSection
	GlobalSection(NestedProjects) = preSolution
		{AFCCBB7A-7823-487D-9080-DF430C08E865} = {C0D711C5-7B59-4E23-8767-1C5000397BE3}
		{A1243A94-9C27-438A-BED8-2B0471662094} = {AFCCBB7A-7823-487D-9080-DF430C08E865}
		{12E9DCEA-D30E-4D24-B6D3-E4AF3E4AD961} = {9DA5B5A0-8164-4331-95CE-A42277B4E880}
		{E65322B2-8903-4254-BC6A-E39DF50B7914} = {8ECD065A-10A1-4D1B-B938-21A03F22A542}
		{88538DDD-D98D-4BD0-9250-56992AF6DEB8} = {C0D711C5-7B59-4E23-8767-1C5000397BE3}
		{FACB7B50-0801-456C-BCEC-AA2C1CBF052D} = {88538DDD-D98D-4BD0-9250-56992AF6DEB8}
		{920D114D-6F9E-4697-B756-99F521FBECD4} = {C0D711C5-7B59-4E23-8767-1C5000397BE3}
		{10450AEE-79D6-47E8-9083-DE95311F6C8E} = {920D114D-6F9E-4697-B756-99F521FBECD4}
		{0955297E-821E-4F8C-A520-382392786D21} = {C0D711C5-7B59-4E23-8767-1C5000397BE3}
		{DA211327-2433-4315-AC7C-C7007F112F43} = {0955297E-821E-4F8C-A520-382392786D21}
		{BF2F0DB3-055F-426A-9FC7-BD8BEEEC2DB5} = {C0D711C5-7B59-4E23-8767-1C5000397BE3}
		{75556124-B406-4B99-A5AB-5ADDBD8868A4} = {BF2F0DB3-055F-426A-9FC7-BD8BEEEC2DB5}
		{26180B17-2427-4873-A599-36BAFE3B5CE9} = {BF2F0DB3-055F-426A-9FC7-BD8BEEEC2DB5}
		{F22744C4-EFBA-4A5A-B32F-FC4B9B7DDC29} = {BF2F0DB3-055F-426A-9FC7-BD8BEEEC2DB5}
		{3753CA98-A346-4D1F-9CFD-7C2D532FE8BE} = {BF2F0DB3-055F-426A-9FC7-BD8BEEEC2DB5}
		{C341FCA8-567B-491C-BADC-C106BD70EA2C} = {BF2F0DB3-055F-426A-9FC7-BD8BEEEC2DB5}
		{DFE14C04-3F3D-471F-A98F-F27C78EA4AAD} = {C0D711C5-7B59-4E23-8767-1C5000397BE3}
		{18854D0C-E714-4F12-9D50-E283C1091541} = {DFE14C04-3F3D-471F-A98F-F27C78EA4AAD}
		{FBB38724-54EB-470B-9EE9-48D51D8D4FA7} = {1299338D-B373-4B1D-B5ED-C7EA9505997D}
		{62159A3C-2F65-45A6-B0A4-B8A2D0E02EFC} = {D391F725-45D2-4D9E-AA0F-998C248EC5F2}
	EndGlobalSection
	GlobalSection(ExtensibilityGlobals) = postSolution
		SolutionGuid = {53CEA4EB-4330-4A0D-93E7-9C4D346FEDC2}
	EndGlobalSection
EndGlobal
